# This file is automatically @generated by Cargo.
# It is not intended for manual editing.
version = 4

[[package]]
name = "base62"
version = "2.2.1"
source = "registry+https://github.com/rust-lang/crates.io-index"
checksum = "10e52a7bcb1d6beebee21fb5053af9e3cbb7a7ed1a4909e534040e676437ab1f"
dependencies = [
 "rustversion",
]

[[package]]
name = "rustversion"
version = "1.0.19"
source = "registry+https://github.com/rust-lang/crates.io-index"
checksum = "f7c45b9784283f1b2e7fb61b42047c2fd678ef0960d4f6f1eba131594cc369d4"

[[package]]
name = "urlshortener"
version = "0.1.0"
dependencies = [
 "base62",
]
